
Microsoft Visual Studio Solution File, Format Version 12.00
# Visual Studio Version 17
VisualStudioVersion = 17.5.002.0
MinimumVisualStudioVersion = 10.0.40219.1
Project("{9A19103F-16F7-4668-BE54-9A1E7A4F7556}") = "ehsan", "ehsan.csproj", "{49BC4317-788E-4C52-81B9-07CA2935B203}"
EndProject
Global
	GlobalSection(SolutionConfigurationPlatforms) = preSolution
		Debug|Any CPU = Debug|Any CPU
		Release|Any CPU = Release|Any CPU
	EndGlobalSection
	GlobalSection(ProjectConfigurationPlatforms) = postSolution
		{49BC4317-788E-4C52-81B9-07CA2935B203}.Debug|Any CPU.ActiveCfg = Debug|Any CPU
		{49BC4317-788E-4C52-81B9-07CA2935B203}.Debug|Any CPU.Build.0 = Debug|Any CPU
		{49BC4317-788E-4C52-81B9-07CA2935B203}.Release|Any CPU.ActiveCfg = Release|Any CPU
		{49BC4317-788E-4C52-81B9-07CA2935B203}.Release|Any CPU.Build.0 = Release|Any CPU
	EndGlobalSection
	GlobalSection(SolutionProperties) = preSolution
		HideSolutionNode = FALSE
	EndGlobalSection
	GlobalSection(ExtensibilityGlobals) = postSolution
		SolutionGuid = {F5E2539A-E646-4510-8EAC-20B6A40BD9D6}
	EndGlobalSection
EndGlobal
